
Microsoft Visual Studio Solution File, Format Version 12.00
# Visual Studio Version 17
VisualStudioVersion = 17.11.35222.181
MinimumVisualStudioVersion = 10.0.40219.1
Project("{8BC9CEB8-8B4A-11D0-8D11-00A0C91BC942}") = "TCPArithmeticOpEmpty", "TCPArithmeticOpEmpty\TCPArithmeticOpEmpty.vcxproj", "{62DE27C0-8428-4984-98A3-0422AFE3CF7A}"
EndProject
Project("{8BC9CEB8-8B4A-11D0-8D11-00A0C91BC942}") = "TCPArithmeticOpServerEmpty", "TCPArithmeticOpServerEmpty\TCPArithmeticOpServerEmpty.vcxproj", "{2E6457C1-CB36-4FEB-9B0B-E6D4FEA25061}"
EndProject
Project("{8BC9CEB8-8B4A-11D0-8D11-00A0C91BC942}") = "TCPArithmeticOpLibEmpty", "TCPArithmeticOpLibEmpty\TCPArithmeticOpLibEmpty.vcxproj", "{DD5DE77E-C3D0-4BCD-8E71-6B4AE8018EF7}"
EndProject
Global
	GlobalSection(SolutionConfigurationPlatforms) = preSolution
		Debug|x64 = Debug|x64
		Debug|x86 = Debug|x86
		Release|x64 = Release|x64
		Release|x86 = Release|x86
	EndGlobalSection
	GlobalSection(ProjectConfigurationPlatforms) = postSolution
		{62DE27C0-8428-4984-98A3-0422AFE3CF7A}.Debug|x64.ActiveCfg = Debug|x64
		{62DE27C0-8428-4984-98A3-0422AFE3CF7A}.Debug|x64.Build.0 = Debug|x64
		{62DE27C0-8428-4984-98A3-0422AFE3CF7A}.Debug|x86.ActiveCfg = Debug|Win32
		{62DE27C0-8428-4984-98A3-0422AFE3CF7A}.Debug|x86.Build.0 = Debug|Win32
		{62DE27C0-8428-4984-98A3-0422AFE3CF7A}.Release|x64.ActiveCfg = Release|x64
		{62DE27C0-8428-4984-98A3-0422AFE3CF7A}.Release|x64.Build.0 = Release|x64
		{62DE27C0-8428-4984-98A3-0422AFE3CF7A}.Release|x86.ActiveCfg = Release|Win32
		{62DE27C0-8428-4984-98A3-0422AFE3CF7A}.Release|x86.Build.0 = Release|Win32
		{2E6457C1-CB36-4FEB-9B0B-E6D4FEA25061}.Debug|x64.ActiveCfg = Debug|x64
		{2E6457C1-CB36-4FEB-9B0B-E6D4FEA25061}.Debug|x64.Build.0 = Debug|x64
		{2E6457C1-CB36-4FEB-9B0B-E6D4FEA25061}.Debug|x86.ActiveCfg = Debug|Win32
		{2E6457C1-CB36-4FEB-9B0B-E6D4FEA25061}.Debug|x86.Build.0 = Debug|Win32
		{2E6457C1-CB36-4FEB-9B0B-E6D4FEA25061}.Release|x64.ActiveCfg = Release|x64
		{2E6457C1-CB36-4FEB-9B0B-E6D4FEA25061}.Release|x64.Build.0 = Release|x64
		{2E6457C1-CB36-4FEB-9B0B-E6D4FEA25061}.Release|x86.ActiveCfg = Release|Win32
		{2E6457C1-CB36-4FEB-9B0B-E6D4FEA25061}.Release|x86.Build.0 = Release|Win32
		{DD5DE77E-C3D0-4BCD-8E71-6B4AE8018EF7}.Debug|x64.ActiveCfg = Debug|x64
		{DD5DE77E-C3D0-4BCD-8E71-6B4AE8018EF7}.Debug|x64.Build.0 = Debug|x64
		{DD5DE77E-C3D0-4BCD-8E71-6B4AE8018EF7}.Debug|x86.ActiveCfg = Debug|Win32
		{DD5DE77E-C3D0-4BCD-8E71-6B4AE8018EF7}.Debug|x86.Build.0 = Debug|Win32
		{DD5DE77E-C3D0-4BCD-8E71-6B4AE8018EF7}.Release|x64.ActiveCfg = Release|x64
		{DD5DE77E-C3D0-4BCD-8E71-6B4AE8018EF7}.Release|x64.Build.0 = Release|x64
		{DD5DE77E-C3D0-4BCD-8E71-6B4AE8018EF7}.Release|x86.ActiveCfg = Release|Win32
		{DD5DE77E-C3D0-4BCD-8E71-6B4AE8018EF7}.Release|x86.Build.0 = Release|Win32
	EndGlobalSection
	GlobalSection(SolutionProperties) = preSolution
		HideSolutionNode = FALSE
	EndGlobalSection
	GlobalSection(ExtensibilityGlobals) = postSolution
		SolutionGuid = {C6A2B9FE-9E1C-47B7-B51C-84A5D41F87DA}
	EndGlobalSection
EndGlobal
